PODS:
  - AFNetworking (3.2.1):
    - AFNetworking/NSURLSession (= 3.2.1)
    - AFNetworking/Reachability (= 3.2.1)
    - AFNetworking/Security (= 3.2.1)
    - AFNetworking/Serialization (= 3.2.1)
    - AFNetworking/UIKit (= 3.2.1)
  - AFNetworking/NSURLSession (3.2.1):
    - AFNetworking/Reachability
    - AFNetworking/Security
    - AFNetworking/Serialization
  - AFNetworking/Reachability (3.2.1)
  - AFNetworking/Security (3.2.1)
  - AFNetworking/Serialization (3.2.1)
  - AFNetworking/UIKit (3.2.1):
    - AFNetworking/NSURLSession
  - ASIHTTPRequest (1.8.2):
    - ASIHTTPRequest/ASIWebPageRequest (= 1.8.2)
    - ASIHTTPRequest/CloudFiles (= 1.8.2)
    - ASIHTTPRequest/Core (= 1.8.2)
    - ASIHTTPRequest/S3 (= 1.8.2)
  - ASIHTTPRequest/ASIWebPageRequest (1.8.2):
    - ASIHTTPRequest/Core
  - ASIHTTPRequest/CloudFiles (1.8.2):
    - ASIHTTPRequest/Core
  - ASIHTTPRequest/Core (1.8.2):
    - Reachability
  - ASIHTTPRequest/S3 (1.8.2):
    - ASIHTTPRequest/Core
  - FMDB (2.7.5):
    - FMDB/standard (= 2.7.5)
  - FMDB/standard (2.7.5)
  - Masonry (1.1.0)
  - MBProgressHUD (1.1.0)
  - Reachability (3.2)
  - SDWebImage (5.4.0):
    - SDWebImage/Core (= 5.4.0)
  - SDWebImage/Core (5.4.0)
  - SIOSocket (0.2.0)
  - SVProgressHUD (2.2.5)

DEPENDENCIES:
  - AFNetworking (~> 3.2.1)
  - ASIHTTPRequest (~> 1.8.2)
  - FMDB (~> 2.7.5)
  - Masonry (~> 1.1.0)
  - MBProgressHUD (~> 1.1.0)
  - SDWebImage (~> 5.4.0)
  - SIOSocket (~> 0.2.0)
  - SVProgressHUD (~> 2.2.5)

SPEC REPOS:
  https://github.com/cocoapods/specs.git:
    - AFNetworking
    - ASIHTTPRequest
    - FMDB
    - Masonry
    - MBProgressHUD
    - Reachability
    - SDWebImage
    - SIOSocket
    - SVProgressHUD

SPEC CHECKSUMS:
  AFNetworking: b6f891fdfaed196b46c7a83cf209e09697b94057
  ASIHTTPRequest: ec013992946676b7978dcbde6396d57312d21db4
  FMDB: 2ce00b547f966261cd18927a3ddb07cb6f3db82a
  Masonry: 678fab65091a9290e40e2832a55e7ab731aad201
  MBProgressHUD: e7baa36a220447d8aeb12769bf0585582f3866d9
  Reachability: 33e18b67625424e47b6cde6d202dce689ad7af96
  SDWebImage: 5bf6aec6481ae2a062bdc59f9d6c1d1e552090e0
  SIOSocket: 2facc0bd02ae72d98c223634a46dd8ebdf9be321
  SVProgressHUD: 1428aafac632c1f86f62aa4243ec12008d7a51d6

PODFILE CHECKSUM: 1d96241d626c148571d7d81ae201a6637177d54c

COCOAPODS: 1.7.5
